// !$*UTF8*$!
{
	archiveVersion = 1;
	classes = {
	};
	objectVersion = 48;
	objects = {

/* Begin PBXBuildFile section */
		41DCE59720537B7D00AEA3ED /* AppDelegate.swift in Sources */ = {isa = PBXBuildFile; fileRef = 41DCE59620537B7D00AEA3ED /* AppDelegate.swift */; };
		41DCE59920537B7D00AEA3ED /* ViewController.swift in Sources */ = {isa = PBXBuildFile; fileRef = 41DCE59820537B7D00AEA3ED /* ViewController.swift */; };
		41DCE59C20537B7D00AEA3ED /* Main.storyboard in Resources */ = {isa = PBXBuildFile; fileRef = 41DCE59A20537B7D00AEA3ED /* Main.storyboard */; };
		41DCE59E20537B7D00AEA3ED /* Assets.xcassets in Resources */ = {isa = PBXBuildFile; fileRef = 41DCE59D20537B7D00AEA3ED /* Assets.xcassets */; };
		41DCE5A120537B7D00AEA3ED /* LaunchScreen.storyboard in Resources */ = {isa = PBXBuildFile; fileRef = 41DCE59F20537B7D00AEA3ED /* LaunchScreen.storyboard */; };
		41DCE5AC20537B7D00AEA3ED /* WhatIsYouNameUITests.swift in Sources */ = {isa = PBXBuildFile; fileRef = 41DCE5AB20537B7D00AEA3ED /* WhatIsYouNameUITests.swift */; };
/* End PBXBuildFile section */

/* Begin PBXContainerItemProxy section */
		41DCE5A820537B7D00AEA3ED /* PBXContainerItemProxy */ = {
			isa = PBXContainerItemProxy;
			containerPortal = 41DCE58B20537B7D00AEA3ED /* Project object */;
			proxyType = 1;
			remoteGlobalIDString = 41DCE59220537B7D00AEA3ED;
			remoteInfo = WhatIsYouName;
		};
/* End PBXContainerItemProxy section */

/* Begin PBXFileReference section */
		41DCE59320537B7D00AEA3ED /* WhatIsYouName.app */ = {isa = PBXFileReference; explicitFileType = wrapper.application; includeInIndex = 0; path = WhatIsYouName.app; sourceTree = BUILT_PRODUCTS_DIR; };
		41DCE59620537B7D00AEA3ED /* AppDelegate.swift */ = {isa = PBXFileReference; lastKnownFileType = sourcecode.swift; path = AppDelegate.swift; sourceTree = "<group>"; };
		41DCE59820537B7D00AEA3ED /* ViewController.swift */ = {isa = PBXFileReference; lastKnownFileType = sourcecode.swift; path = ViewController.swift; sourceTree = "<group>"; };
		41DCE59B20537B7D00AEA3ED /* Base */ = {isa = PBXFileReference; lastKnownFileType = file.storyboard; name = Base; path = Base.lproj/Main.storyboard; sourceTree = "<group>"; };
		41DCE59D20537B7D00AEA3ED /* Assets.xcassets */ = {isa = PBXFileReference; lastKnownFileType = folder.assetcatalog; path = Assets.xcassets; sourceTree = "<group>"; };
		41DCE5A020537B7D00AEA3ED /* Base */ = {isa = PBXFileReference; lastKnownFileType = file.storyboard; name = Base; path = Base.lproj/LaunchScreen.storyboard; sourceTree = "<group>"; };
		41DCE5A220537B7D00AEA3ED /* Info.plist */ = {isa = PBXFileReference; lastKnownFileType = text.plist.xml; path = Info.plist; sourceTree = "<group>"; };
		41DCE5A720537B7D00AEA3ED /* WhatIsYouNameUITests.xctest */ = {isa = PBXFileReference; explicitFileType = wrapper.cfbundle; includeInIndex = 0; path = WhatIsYouNameUITests.xctest; sourceTree = BUILT_PRODUCTS_DIR; };
		41DCE5AB20537B7D00AEA3ED /* WhatIsYouNameUITests.swift */ = {isa = PBXFileReference; lastKnownFileType = sourcecode.swift; path = WhatIsYouNameUITests.swift; sourceTree = "<group>"; };
		41DCE5AD20537B7D00AEA3ED /* Info.plist */ = {isa = PBXFileReference; lastKnownFileType = text.plist.xml; path = Info.plist; sourceTree = "<group>"; };
/* End PBXFileReference section */

/* Begin PBXFrameworksBuildPhase section */
		41DCE59020537B7D00AEA3ED /* Frameworks */ = {
			isa = PBXFrameworksBuildPhase;
			buildActionMask = 2147483647;
			files = (
			);
			runOnlyForDeploymentPostprocessing = 0;
		};
		41DCE5A420537B7D00AEA3ED /* Frameworks */ = {
			isa = PBXFrameworksBuildPhase;
			buildActionMask = 2147483647;
			files = (
			);
			runOnlyForDeploymentPostprocessing = 0;
		};
/* End PBXFrameworksBuildPhase section */

/* Begin PBXGroup section */
		41DCE58A20537B7D00AEA3ED = {
			isa = PBXGroup;
			children = (
				41DCE59520537B7D00AEA3ED /* WhatIsYouName */,
				41DCE5AA20537B7D00AEA3ED /* WhatIsYouNameUITests */,
				41DCE59420537B7D00AEA3ED /* Products */,
			);
			sourceTree = "<group>";
		};
		41DCE59420537B7D00AEA3ED /* Products */ = {
			isa = PBXGroup;
			children = (
				41DCE59320537B7D00AEA3ED /* WhatIsYouName.app */,
				41DCE5A720537B7D00AEA3ED /* WhatIsYouNameUITests.xctest */,
			);
			name = Products;
			sourceTree = "<group>";
		};
		41DCE59520537B7D00AEA3ED /* WhatIsYouName */ = {
			isa = PBXGroup;
			children = (
				41DCE59620537B7D00AEA3ED /* AppDelegate.swift */,
				41DCE59820537B7D00AEA3ED /* ViewController.swift */,
				41DCE59A20537B7D00AEA3ED /* Main.storyboard */,
				41DCE59D20537B7D00AEA3ED /* Assets.xcassets */,
				41DCE59F20537B7D00AEA3ED /* LaunchScreen.storyboard */,
				41DCE5A220537B7D00AEA3ED /* Info.plist */,
			);
			path = WhatIsYouName;
			sourceTree = "<group>";
		};
		41DCE5AA20537B7D00AEA3ED /* WhatIsYouNameUITests */ = {
			isa = PBXGroup;
			children = (
				41DCE5AB20537B7D00AEA3ED /* WhatIsYouNameUITests.swift */,
				41DCE5AD20537B7D00AEA3ED /* Info.plist */,
			);
			path = WhatIsYouNameUITests;
			sourceTree = "<group>";
		};
/* End PBXGroup section */

/* Begin PBXNativeTarget section */
		41DCE59220537B7D00AEA3ED /* WhatIsYouName */ = {
			isa = PBXNativeTarget;
			buildConfigurationList = 41DCE5B020537B7D00AEA3ED /* Build configuration list for PBXNativeTarget "WhatIsYouName" */;
			buildPhases = (
				41DCE58F20537B7D00AEA3ED /* Sources */,
				41DCE59020537B7D00AEA3ED /* Frameworks */,
				41DCE59120537B7D00AEA3ED /* Resources */,
			);
			buildRules = (
			);
			dependencies = (
			);
			name = WhatIsYouName;
			productName = WhatIsYouName;
			productReference = 41DCE59320537B7D00AEA3ED /* WhatIsYouName.app */;
			productType = "com.apple.product-type.application";
		};
		41DCE5A620537B7D00AEA3ED /* WhatIsYouNameUITests */ = {
			isa = PBXNativeTarget;
			buildConfigurationList = 41DCE5B320537B7D00AEA3ED /* Build configuration list for PBXNativeTarget "WhatIsYouNameUITests" */;
			buildPhases = (
				41DCE5A320537B7D00AEA3ED /* Sources */,
				41DCE5A420537B7D00AEA3ED /* Frameworks */,
				41DCE5A520537B7D00AEA3ED /* Resources */,
			);
			buildRules = (
			);
			dependencies = (
				41DCE5A920537B7D00AEA3ED /* PBXTargetDependency */,
			);
			name = WhatIsYouNameUITests;
			productName = WhatIsYouNameUITests;
			productReference = 41DCE5A720537B7D00AEA3ED /* WhatIsYouNameUITests.xctest */;
			productType = "com.apple.product-type.bundle.ui-testing";
		};
/* End PBXNativeTarget section */

/* Begin PBXProject section */
		41DCE58B20537B7D00AEA3ED /* Project object */ = {
			isa = PBXProject;
			attributes = {
				LastSwiftUpdateCheck = 0920;
				LastUpgradeCheck = 0920;
				ORGANIZATIONNAME = napat;
				TargetAttributes = {
					41DCE59220537B7D00AEA3ED = {
						CreatedOnToolsVersion = 9.2;
						ProvisioningStyle = Automatic;
					};
					41DCE5A620537B7D00AEA3ED = {
						CreatedOnToolsVersion = 9.2;
						ProvisioningStyle = Automatic;
						TestTargetID = 41DCE59220537B7D00AEA3ED;
					};
				};
			};
			buildConfigurationList = 41DCE58E20537B7D00AEA3ED /* Build configuration list for PBXProject "WhatIsYouName" */;
			compatibilityVersion = "Xcode 8.0";
			developmentRegion = en;
			hasScannedForEncodings = 0;
			knownRegions = (
				en,
				Base,
			);
			mainGroup = 41DCE58A20537B7D00AEA3ED;
			productRefGroup = 41DCE59420537B7D00AEA3ED /* Products */;
			projectDirPath = "";
			projectRoot = "";
			targets = (
				41DCE59220537B7D00AEA3ED /* WhatIsYouName */,
				41DCE5A620537B7D00AEA3ED /* WhatIsYouNameUITests */,
			);
		};
/* End PBXProject section */

/* Begin PBXResourcesBuildPhase section */
		41DCE59120537B7D00AEA3ED /* Resources */ = {
			isa = PBXResourcesBuildPhase;
			buildActionMask = 2147483647;
			files = (
				41DCE5A120537B7D00AEA3ED /* LaunchScreen.storyboard in Resources */,
				41DCE59E20537B7D00AEA3ED /* Assets.xcassets in Resources */,
				41DCE59C20537B7D00AEA3ED /* Main.storyboard in Resources */,
			);
			runOnlyForDeploymentPostprocessing = 0;
		};
		41DCE5A520537B7D00AEA3ED /* Resources */ = {
			isa = PBXResourcesBuildPhase;
			buildActionMask = 2147483647;
			files = (
			);
			runOnlyForDeploymentPostprocessing = 0;
		};
/* End PBXResourcesBuildPhase section */

/* Begin PBXSourcesBuildPhase section */
		41DCE58F20537B7D00AEA3ED /* Sources */ = {
			isa = PBXSourcesBuildPhase;
			buildActionMask = 2147483647;
			files = (
				41DCE59920537B7D00AEA3ED /* ViewController.swift in Sources */,
				41DCE59720537B7D00AEA3ED /* AppDelegate.swift in Sources */,
			);
			runOnlyForDeploymentPostprocessing = 0;
		};
		41DCE5A320537B7D00AEA3ED /* Sources */ = {
			isa = PBXSourcesBuildPhase;
			buildActionMask = 2147483647;
			files = (
				41DCE5AC20537B7D00AEA3ED /* WhatIsYouNameUITests.swift in Sources */,
			);
			runOnlyForDeploymentPostprocessing = 0;
		};
/* End PBXSourcesBuildPhase section */

/* Begin PBXTargetDependency section */
		41DCE5A920537B7D00AEA3ED /* PBXTargetDependency */ = {
			isa = PBXTargetDependency;
			target = 41DCE59220537B7D00AEA3ED /* WhatIsYouName */;
			targetProxy = 41DCE5A820537B7D00AEA3ED /* PBXContainerItemProxy */;
		};
/* End PBXTargetDependency section */

/* Begin PBXVariantGroup section */
		41DCE59A20537B7D00AEA3ED /* Main.storyboard */ = {
			isa = PBXVariantGroup;
			children = (
				41DCE59B20537B7D00AEA3ED /* Base */,
			);
			name = Main.storyboard;
			sourceTree = "<group>";
		};
		41DCE59F20537B7D00AEA3ED /* LaunchScreen.storyboard */ = {
			isa = PBXVariantGroup;
			children = (
				41DCE5A020537B7D00AEA3ED /* Base */,
			);
			name = LaunchScreen.storyboard;
			sourceTree = "<group>";
		};
/* End PBXVariantGroup section */

/* Begin XCBuildConfiguration section */
		41DCE5AE20537B7D00AEA3ED /* Debug */ = {
			isa = XCBuildConfiguration;
			buildSettings = {
				ALWAYS_SEARCH_USER_PATHS = NO;
				CLANG_ANALYZER_NONNULL = YES;
				CLANG_ANALYZER_NUMBER_OBJECT_CONVERSION = YES_AGGRESSIVE;
				CLANG_CXX_LANGUAGE_STANDARD = "gnu++14";
				CLANG_CXX_LIBRARY = "libc++";
				CLANG_ENABLE_MODULES = YES;
				CLANG_ENABLE_OBJC_ARC = YES;
				CLANG_WARN_BLOCK_CAPTURE_AUTORELEASING = YES;
				CLANG_WARN_BOOL_CONVERSION = YES;
				CLANG_WARN_COMMA = YES;
				CLANG_WARN_CONSTANT_CONVERSION = YES;
				CLANG_WARN_DIRECT_OBJC_ISA_USAGE = YES_ERROR;
				CLANG_WARN_DOCUMENTATION_COMMENTS = YES;
				CLANG_WARN_EMPTY_BODY = YES;
				CLANG_WARN_ENUM_CONVERSION = YES;
				CLANG_WARN_INFINITE_RECURSION = YES;
				CLANG_WARN_INT_CONVERSION = YES;
				CLANG_WARN_NON_LITERAL_NULL_CONVERSION = YES;
				CLANG_WARN_OBJC_LITERAL_CONVERSION = YES;
				CLANG_WARN_OBJC_ROOT_CLASS = YES_ERROR;
				CLANG_WARN_RANGE_LOOP_ANALYSIS = YES;
				CLANG_WARN_STRICT_PROTOTYPES = YES;
				CLANG_WARN_SUSPICIOUS_MOVE = YES;
				CLANG_WARN_UNGUARDED_AVAILABILITY = YES_AGGRESSIVE;
				CLANG_WARN_UNREACHABLE_CODE = YES;
				CLANG_WARN__DUPLICATE_METHOD_MATCH = YES;
				CODE_SIGN_IDENTITY = "iPhone Developer";
				COPY_PHASE_STRIP = NO;
				DEBUG_INFORMATION_FORMAT = dwarf;
				ENABLE_STRICT_OBJC_MSGSEND = YES;
				ENABLE_TESTABILITY = YES;
				GCC_C_LANGUAGE_STANDARD = gnu11;
				GCC_DYNAMIC_NO_PIC = NO;
				GCC_NO_COMMON_BLOCKS = YES;
				GCC_OPTIMIZATION_LEVEL = 0;
				GCC_PREPROCESSOR_DEFINITIONS = (
					"DEBUG=1",
					"$(inherited)",
				);
				GCC_WARN_64_TO_32_BIT_CONVERSION = YES;
				GCC_WARN_ABOUT_RETURN_TYPE = YES_ERROR;
				GCC_WARN_UNDECLARED_SELECTOR = YES;
				GCC_WARN_UNINITIALIZED_AUTOS = YES_AGGRESSIVE;
				GCC_WARN_UNUSED_FUNCTION = YES;
				GCC_WARN_UNUSED_VARIABLE = YES;
				IPHONEOS_DEPLOYMENT_TARGET = 11.2;
				MTL_ENABLE_DEBUG_INFO = YES;
				ONLY_ACTIVE_ARCH = YES;
				SDKROOT = iphoneos;
				SWIFT_ACTIVE_COMPILATION_CONDITIONS = DEBUG;
				SWIFT_OPTIMIZATION_LEVEL = "-Onone";
			};
			name = Debug;
		};
		41DCE5AF20537B7D00AEA3ED /* Release */ = {
			isa = XCBuildConfiguration;
			buildSettings = {
				ALWAYS_SEARCH_USER_PATHS = NO;
				CLANG_ANALYZER_NONNULL = YES;
				CLANG_ANALYZER_NUMBER_OBJECT_CONVERSION = YES_AGGRESSIVE;
				CLANG_CXX_LANGUAGE_STANDARD = "gnu++14";
				CLANG_CXX_LIBRARY = "libc++";
				CLANG_ENABLE_MODULES = YES;
				CLANG_ENABLE_OBJC_ARC = YES;
				CLANG_WARN_BLOCK_CAPTURE_AUTORELEASING = YES;
				CLANG_WARN_BOOL_CONVERSION = YES;
				CLANG_WARN_COMMA = YES;
				CLANG_WARN_CONSTANT_CONVERSION = YES;
				CLANG_WARN_DIRECT_OBJC_ISA_USAGE = YES_ERROR;
				CLANG_WARN_DOCUMENTATION_COMMENTS = YES;
				CLANG_WARN_EMPTY_BODY = YES;
				CLANG_WARN_ENUM_CONVERSION = YES;
				CLANG_WARN_INFINITE_RECURSION = YES;
				CLANG_WARN_INT_CONVERSION = YES;
				CLANG_WARN_NON_LITERAL_NULL_CONVERSION = YES;
				CLANG_WARN_OBJC_LITERAL_CONVERSION = YES;
				CLANG_WARN_OBJC_ROOT_CLASS = YES_ERROR;
				CLANG_WARN_RANGE_LOOP_ANALYSIS = YES;
				CLANG_WARN_STRICT_PROTOTYPES = YES;
				CLANG_WARN_SUSPICIOUS_MOVE = YES;
				CLANG_WARN_UNGUARDED_AVAILABILITY = YES_AGGRESSIVE;
				CLANG_WARN_UNREACHABLE_CODE = YES;
				CLANG_WARN__DUPLICATE_METHOD_MATCH = YES;
				CODE_SIGN_IDENTITY = "iPhone Developer";
				COPY_PHASE_STRIP = NO;
				DEBUG_INFORMATION_FORMAT = "dwarf-with-dsym";
				ENABLE_NS_ASSERTIONS = NO;
				ENABLE_STRICT_OBJC_MSGSEND = YES;
				GCC_C_LANGUAGE_STANDARD = gnu11;
				GCC_NO_COMMON_BLOCKS = YES;
				GCC_WARN_64_TO_32_BIT_CONVERSION = YES;
				GCC_WARN_ABOUT_RETURN_TYPE = YES_ERROR;
				GCC_WARN_UNDECLARED_SELECTOR = YES;
				GCC_WARN_UNINITIALIZED_AUTOS = YES_AGGRESSIVE;
				GCC_WARN_UNUSED_FUNCTION = YES;
				GCC_WARN_UNUSED_VARIABLE = YES;
				IPHONEOS_DEPLOYMENT_TARGET = 11.2;
				MTL_ENABLE_DEBUG_INFO = NO;
				SDKROOT = iphoneos;
				SWIFT_OPTIMIZATION_LEVEL = "-Owholemodule";
				VALIDATE_PRODUCT = YES;
			};
			name = Release;
		};
		41DCE5B120537B7D00AEA3ED /* Debug */ = {
			isa = XCBuildConfiguration;
			buildSettings = {
				ASSETCATALOG_COMPILER_APPICON_NAME = AppIcon;
				CODE_SIGN_STYLE = Automatic;
				INFOPLIST_FILE = WhatIsYouName/Info.plist;
				LD_RUNPATH_SEARCH_PATHS = "$(inherited) @executable_path/Frameworks";
				PRODUCT_BUNDLE_IDENTIFIER = com.dsld.WhatIsYouName;
				PRODUCT_NAME = "$(TARGET_NAME)";
				SWIFT_VERSION = 4.0;
				TARGETED_DEVICE_FAMILY = "1,2";
			};
			name = Debug;
		};
		41DCE5B220537B7D00AEA3ED /* Release */ = {
			isa = XCBuildConfiguration;
			buildSettings = {
				ASSETCATALOG_COMPILER_APPICON_NAME = AppIcon;
				CODE_SIGN_STYLE = Automatic;
				INFOPLIST_FILE = WhatIsYouName/Info.plist;
				LD_RUNPATH_SEARCH_PATHS = "$(inherited) @executable_path/Frameworks";
				PRODUCT_BUNDLE_IDENTIFIER = com.dsld.WhatIsYouName;
				PRODUCT_NAME = "$(TARGET_NAME)";
				SWIFT_VERSION = 4.0;
				TARGETED_DEVICE_FAMILY = "1,2";
			};
			name = Release;
		};
		41DCE5B420537B7D00AEA3ED /* Debug */ = {
			isa = XCBuildConfiguration;
			buildSettings = {
				ALWAYS_EMBED_SWIFT_STANDARD_LIBRARIES = YES;
				CODE_SIGN_STYLE = Automatic;
				INFOPLIST_FILE = WhatIsYouNameUITests/Info.plist;
				LD_RUNPATH_SEARCH_PATHS = "$(inherited) @executable_path/Frameworks @loader_path/Frameworks";
				PRODUCT_BUNDLE_IDENTIFIER = com.dsld.WhatIsYouNameUITests;
				PRODUCT_NAME = "$(TARGET_NAME)";
				SWIFT_VERSION = 4.0;
				TARGETED_DEVICE_FAMILY = "1,2";
				TEST_TARGET_NAME = WhatIsYouName;
			};
			name = Debug;
		};
		41DCE5B520537B7D00AEA3ED /* Release */ = {
			isa = XCBuildConfiguration;
			buildSettings = {
				ALWAYS_EMBED_SWIFT_STANDARD_LIBRARIES = YES;
				CODE_SIGN_STYLE = Automatic;
				INFOPLIST_FILE = WhatIsYouNameUITests/Info.plist;
				LD_RUNPATH_SEARCH_PATHS = "$(inherited) @executable_path/Frameworks @loader_path/Frameworks";
				PRODUCT_BUNDLE_IDENTIFIER = com.dsld.WhatIsYouNameUITests;
				PRODUCT_NAME = "$(TARGET_NAME)";
				SWIFT_VERSION = 4.0;
				TARGETED_DEVICE_FAMILY = "1,2";
				TEST_TARGET_NAME = WhatIsYouName;
			};
			name = Release;
		};
/* End XCBuildConfiguration section */

/* Begin XCConfigurationList section */
		41DCE58E20537B7D00AEA3ED /* Build configuration list for PBXProject "WhatIsYouName" */ = {
			isa = XCConfigurationList;
			buildConfigurations = (
				41DCE5AE20537B7D00AEA3ED /* Debug */,
				41DCE5AF20537B7D00AEA3ED /* Release */,
			);
			defaultConfigurationIsVisible = 0;
			defaultConfigurationName = Release;
		};
		41DCE5B020537B7D00AEA3ED /* Build configuration list for PBXNativeTarget "WhatIsYouName" */ = {
			isa = XCConfigurationList;
			buildConfigurations = (
				41DCE5B120537B7D00AEA3ED /* Debug */,
				41DCE5B220537B7D00AEA3ED /* Release */,
			);
			defaultConfigurationIsVisible = 0;
			defaultConfigurationName = Release;
		};
		41DCE5B320537B7D00AEA3ED /* Build configuration list for PBXNativeTarget "WhatIsYouNameUITests" */ = {
			isa = XCConfigurationList;
			buildConfigurations = (
				41DCE5B420537B7D00AEA3ED /* Debug */,
				41DCE5B520537B7D00AEA3ED /* Release */,
			);
			defaultConfigurationIsVisible = 0;
			defaultConfigurationName = Release;
		};
/* End XCConfigurationList section */
	};
	rootObject = 41DCE58B20537B7D00AEA3ED /* Project object */;
}
